
Microsoft Visual Studio Solution File, Format Version 12.00
# Visual Studio 15
VisualStudioVersion = 15.0.28010.2036
MinimumVisualStudioVersion = 10.0.40219.1
Project("{FAE04EC0-301F-11D3-BF4B-00C04F79EFBC}") = "WPFLibraryApp", "WPFLibraryApp\WPFLibraryApp.csproj", "{E7F6EF92-1879-4E76-80F2-0DB9AF698AFE}"
EndProject
Project("{FAE04EC0-301F-11D3-BF4B-00C04F79EFBC}") = "CodeFirstSeedDatabaseLibraryApp", "CodeFirstSeedDatabaseLibraryApp\CodeFirstSeedDatabaseLibraryApp.csproj", "{F5BA0D13-62BE-4D70-82D8-A484FA6A8569}"
EndProject
Project("{FAE04EC0-301F-11D3-BF4B-00C04F79EFBC}") = "DatabaseFirstLibraryApp", "DatabaseFirstLibraryApp\DatabaseFirstLibraryApp.csproj", "{750AE98F-9E90-45B0-973F-5FB99D2D30D5}"
EndProject
Project("{FAE04EC0-301F-11D3-BF4B-00C04F79EFBC}") = "BLLClassLibrary", "BLLClassLibrary\BLLClassLibrary.csproj", "{B47288E2-B844-4D46-9F90-D8CC5298DA0E}"
EndProject
Project("{FAE04EC0-301F-11D3-BF4B-00C04F79EFBC}") = "LibraryManagementSystemTests", "LibraryManagementSystemTests\LibraryManagementSystemTests.csproj", "{5BD8D5FF-399D-4243-87A2-186152B1F5D8}"
EndProject
Global
	GlobalSection(SolutionConfigurationPlatforms) = preSolution
		Debug|Any CPU = Debug|Any CPU
		Release|Any CPU = Release|Any CPU
	EndGlobalSection
	GlobalSection(ProjectConfigurationPlatforms) = postSolution
		{E7F6EF92-1879-4E76-80F2-0DB9AF698AFE}.Debug|Any CPU.ActiveCfg = Debug|Any CPU
		{E7F6EF92-1879-4E76-80F2-0DB9AF698AFE}.Debug|Any CPU.Build.0 = Debug|Any CPU
		{E7F6EF92-1879-4E76-80F2-0DB9AF698AFE}.Release|Any CPU.ActiveCfg = Release|Any CPU
		{E7F6EF92-1879-4E76-80F2-0DB9AF698AFE}.Release|Any CPU.Build.0 = Release|Any CPU
		{F5BA0D13-62BE-4D70-82D8-A484FA6A8569}.Debug|Any CPU.ActiveCfg = Debug|Any CPU
		{F5BA0D13-62BE-4D70-82D8-A484FA6A8569}.Debug|Any CPU.Build.0 = Debug|Any CPU
		{F5BA0D13-62BE-4D70-82D8-A484FA6A8569}.Release|Any CPU.ActiveCfg = Release|Any CPU
		{F5BA0D13-62BE-4D70-82D8-A484FA6A8569}.Release|Any CPU.Build.0 = Release|Any CPU
		{750AE98F-9E90-45B0-973F-5FB99D2D30D5}.Debug|Any CPU.ActiveCfg = Debug|Any CPU
		{750AE98F-9E90-45B0-973F-5FB99D2D30D5}.Debug|Any CPU.Build.0 = Debug|Any CPU
		{750AE98F-9E90-45B0-973F-5FB99D2D30D5}.Release|Any CPU.ActiveCfg = Release|Any CPU
		{750AE98F-9E90-45B0-973F-5FB99D2D30D5}.Release|Any CPU.Build.0 = Release|Any CPU
		{B47288E2-B844-4D46-9F90-D8CC5298DA0E}.Debug|Any CPU.ActiveCfg = Debug|Any CPU
		{B47288E2-B844-4D46-9F90-D8CC5298DA0E}.Debug|Any CPU.Build.0 = Debug|Any CPU
		{B47288E2-B844-4D46-9F90-D8CC5298DA0E}.Release|Any CPU.ActiveCfg = Release|Any CPU
		{B47288E2-B844-4D46-9F90-D8CC5298DA0E}.Release|Any CPU.Build.0 = Release|Any CPU
		{5BD8D5FF-399D-4243-87A2-186152B1F5D8}.Debug|Any CPU.ActiveCfg = Debug|Any CPU
		{5BD8D5FF-399D-4243-87A2-186152B1F5D8}.Debug|Any CPU.Build.0 = Debug|Any CPU
		{5BD8D5FF-399D-4243-87A2-186152B1F5D8}.Release|Any CPU.ActiveCfg = Release|Any CPU
		{5BD8D5FF-399D-4243-87A2-186152B1F5D8}.Release|Any CPU.Build.0 = Release|Any CPU
	EndGlobalSection
	GlobalSection(SolutionProperties) = preSolution
		HideSolutionNode = FALSE
	EndGlobalSection
	GlobalSection(ExtensibilityGlobals) = postSolution
		SolutionGuid = {F759B670-0C18-4D5D-9400-79E94776E0D9}
	EndGlobalSection
EndGlobal
